
Microsoft Visual Studio Solution File, Format Version 12.00
# Visual Studio 14
VisualStudioVersion = 14.0.25420.1
MinimumVisualStudioVersion = 10.0.40219.1
Project("{FAE04EC0-301F-11D3-BF4B-00C04F79EFBC}") = "palaioGG", "palaioGG\palaioGG.csproj", "{B433BB5B-AAEF-4934-B38A-5C9E2A7FAEBC}"
EndProject
Global
	GlobalSection(SolutionConfigurationPlatforms) = preSolution
		Debug|Any CPU = Debug|Any CPU
		Release|Any CPU = Release|Any CPU
	EndGlobalSection
	GlobalSection(ProjectConfigurationPlatforms) = postSolution
		{B433BB5B-AAEF-4934-B38A-5C9E2A7FAEBC}.Debug|Any CPU.ActiveCfg = Debug|Any CPU
		{B433BB5B-AAEF-4934-B38A-5C9E2A7FAEBC}.Debug|Any CPU.Build.0 = Debug|Any CPU
		{B433BB5B-AAEF-4934-B38A-5C9E2A7FAEBC}.Release|Any CPU.ActiveCfg = Release|Any CPU
		{B433BB5B-AAEF-4934-B38A-5C9E2A7FAEBC}.Release|Any CPU.Build.0 = Release|Any CPU
	EndGlobalSection
	GlobalSection(SolutionProperties) = preSolution
		HideSolutionNode = FALSE
	EndGlobalSection
EndGlobal
